{
    "_meta": {
        "hash": {
            "sha256": "3557f4b4982f77e4bd29ce6ea7ad560166c19e5b626003eb0ec4c29cd8d78b2c"
        },
        "pipfile-spec": 6,
        "requires": {
            "python_version": "3.8"
        },
        "sources": [
            {
                "name": "pypi",
                "url": "https://pypi.org/simple",
                "verify_ssl": true
            }
        ]
    },
    "default": {
        "p3lib": {
            "hashes": [
                "sha256:156f4292cc2695263e79ba266efafd9887fb62f3157777100fa41a8a01c02b23",
                "sha256:de76a24dcccc5012a6acaefe9d6de18f88ab395105e28a7cdf8b7ae0e563f398"
            ],
            "index": "pypi",
            "version": "==1.1.19"
        }
    },
    "develop": {}
}
